// !$*UTF8*$!
{
	archiveVersion = 1;
	classes = {
	};
	objectVersion = 48;
	objects = {

/* Begin PBXBuildFile section */
		865CB5B220A307D8006BDBB1 /* AppDelegate.swift in Sources */ = {isa = PBXBuildFile; fileRef = 865CB5B120A307D8006BDBB1 /* AppDelegate.swift */; };
		865CB5B420A307D8006BDBB1 /* Assets.xcassets in Resources */ = {isa = PBXBuildFile; fileRef = 865CB5B320A307D8006BDBB1 /* Assets.xcassets */; };
		865CB5B720A307D8006BDBB1 /* MainMenu.xib in Resources */ = {isa = PBXBuildFile; fileRef = 865CB5B520A307D8006BDBB1 /* MainMenu.xib */; };
		865CB5C420A3115A006BDBB1 /* StatusMenuController.swift in Sources */ = {isa = PBXBuildFile; fileRef = 865CB5C320A3115A006BDBB1 /* StatusMenuController.swift */; };
		865CB5C620A31663006BDBB1 /* WeatherAPI.swift in Sources */ = {isa = PBXBuildFile; fileRef = 865CB5C520A31663006BDBB1 /* WeatherAPI.swift */; };
/* End PBXBuildFile section */

/* Begin PBXFileReference section */
		8603629920A4373A006AABFD /* Weather.today!.entitlements */ = {isa = PBXFileReference; lastKnownFileType = text.plist.entitlements; path = "Weather.today!.entitlements"; sourceTree = "<group>"; };
		865CB5AE20A307D8006BDBB1 /* Weather.today!.app */ = {isa = PBXFileReference; explicitFileType = wrapper.application; includeInIndex = 0; path = "Weather.today!.app"; sourceTree = BUILT_PRODUCTS_DIR; };
		865CB5B120A307D8006BDBB1 /* AppDelegate.swift */ = {isa = PBXFileReference; lastKnownFileType = sourcecode.swift; path = AppDelegate.swift; sourceTree = "<group>"; };
		865CB5B320A307D8006BDBB1 /* Assets.xcassets */ = {isa = PBXFileReference; lastKnownFileType = folder.assetcatalog; path = Assets.xcassets; sourceTree = "<group>"; };
		865CB5B620A307D8006BDBB1 /* Base */ = {isa = PBXFileReference; lastKnownFileType = file.xib; name = Base; path = Base.lproj/MainMenu.xib; sourceTree = "<group>"; };
		865CB5B820A307D8006BDBB1 /* Info.plist */ = {isa = PBXFileReference; lastKnownFileType = text.plist.xml; path = Info.plist; sourceTree = "<group>"; };
		865CB5B920A307D8006BDBB1 /* Weather_today_.entitlements */ = {isa = PBXFileReference; lastKnownFileType = text.plist.entitlements; path = Weather_today_.entitlements; sourceTree = "<group>"; };
		865CB5C320A3115A006BDBB1 /* StatusMenuController.swift */ = {isa = PBXFileReference; lastKnownFileType = sourcecode.swift; path = StatusMenuController.swift; sourceTree = "<group>"; };
		865CB5C520A31663006BDBB1 /* WeatherAPI.swift */ = {isa = PBXFileReference; lastKnownFileType = sourcecode.swift; path = WeatherAPI.swift; sourceTree = "<group>"; };
/* End PBXFileReference section */

/* Begin PBXFrameworksBuildPhase section */
		865CB5AB20A307D8006BDBB1 /* Frameworks */ = {
			isa = PBXFrameworksBuildPhase;
			buildActionMask = 2147483647;
			files = (
			);
			runOnlyForDeploymentPostprocessing = 0;
		};
/* End PBXFrameworksBuildPhase section */

/* Begin PBXGroup section */
		865CB5A520A307D8006BDBB1 = {
			isa = PBXGroup;
			children = (
				865CB5B020A307D8006BDBB1 /* Weather.today! */,
				865CB5AF20A307D8006BDBB1 /* Products */,
			);
			sourceTree = "<group>";
		};
		865CB5AF20A307D8006BDBB1 /* Products */ = {
			isa = PBXGroup;
			children = (
				865CB5AE20A307D8006BDBB1 /* Weather.today!.app */,
			);
			name = Products;
			sourceTree = "<group>";
		};
		865CB5B020A307D8006BDBB1 /* Weather.today! */ = {
			isa = PBXGroup;
			children = (
				8603629920A4373A006AABFD /* Weather.today!.entitlements */,
				865CB5B120A307D8006BDBB1 /* AppDelegate.swift */,
				865CB5C320A3115A006BDBB1 /* StatusMenuController.swift */,
				865CB5C520A31663006BDBB1 /* WeatherAPI.swift */,
				865CB5B320A307D8006BDBB1 /* Assets.xcassets */,
				865CB5B520A307D8006BDBB1 /* MainMenu.xib */,
				865CB5B820A307D8006BDBB1 /* Info.plist */,
				865CB5B920A307D8006BDBB1 /* Weather_today_.entitlements */,
			);
			path = "Weather.today!";
			sourceTree = "<group>";
		};
/* End PBXGroup section */

/* Begin PBXNativeTarget section */
		865CB5AD20A307D8006BDBB1 /* Weather.today! */ = {
			isa = PBXNativeTarget;
			buildConfigurationList = 865CB5BC20A307D8006BDBB1 /* Build configuration list for PBXNativeTarget "Weather.today!" */;
			buildPhases = (
				865CB5AA20A307D8006BDBB1 /* Sources */,
				865CB5AB20A307D8006BDBB1 /* Frameworks */,
				865CB5AC20A307D8006BDBB1 /* Resources */,
			);
			buildRules = (
			);
			dependencies = (
			);
			name = "Weather.today!";
			productName = "Weather.today!";
			productReference = 865CB5AE20A307D8006BDBB1 /* Weather.today!.app */;
			productType = "com.apple.product-type.application";
		};
/* End PBXNativeTarget section */

/* Begin PBXProject section */
		865CB5A620A307D8006BDBB1 /* Project object */ = {
			isa = PBXProject;
			attributes = {
				LastSwiftUpdateCheck = 0920;
				LastUpgradeCheck = 0920;
				ORGANIZATIONNAME = "Эльдар Дамиров";
				TargetAttributes = {
					865CB5AD20A307D8006BDBB1 = {
						CreatedOnToolsVersion = 9.2;
						ProvisioningStyle = Automatic;
						SystemCapabilities = {
							com.apple.Sandbox = {
								enabled = 1;
							};
						};
					};
				};
			};
			buildConfigurationList = 865CB5A920A307D8006BDBB1 /* Build configuration list for PBXProject "Weather.today!" */;
			compatibilityVersion = "Xcode 8.0";
			developmentRegion = en;
			hasScannedForEncodings = 0;
			knownRegions = (
				en,
				Base,
			);
			mainGroup = 865CB5A520A307D8006BDBB1;
			productRefGroup = 865CB5AF20A307D8006BDBB1 /* Products */;
			projectDirPath = "";
			projectRoot = "";
			targets = (
				865CB5AD20A307D8006BDBB1 /* Weather.today! */,
			);
		};
/* End PBXProject section */

/* Begin PBXResourcesBuildPhase section */
		865CB5AC20A307D8006BDBB1 /* Resources */ = {
			isa = PBXResourcesBuildPhase;
			buildActionMask = 2147483647;
			files = (
				865CB5B420A307D8006BDBB1 /* Assets.xcassets in Resources */,
				865CB5B720A307D8006BDBB1 /* MainMenu.xib in Resources */,
			);
			runOnlyForDeploymentPostprocessing = 0;
		};
/* End PBXResourcesBuildPhase section */

/* Begin PBXSourcesBuildPhase section */
		865CB5AA20A307D8006BDBB1 /* Sources */ = {
			isa = PBXSourcesBuildPhase;
			buildActionMask = 2147483647;
			files = (
				865CB5C620A31663006BDBB1 /* WeatherAPI.swift in Sources */,
				865CB5C420A3115A006BDBB1 /* StatusMenuController.swift in Sources */,
				865CB5B220A307D8006BDBB1 /* AppDelegate.swift in Sources */,
			);
			runOnlyForDeploymentPostprocessing = 0;
		};
/* End PBXSourcesBuildPhase section */

/* Begin PBXVariantGroup section */
		865CB5B520A307D8006BDBB1 /* MainMenu.xib */ = {
			isa = PBXVariantGroup;
			children = (
				865CB5B620A307D8006BDBB1 /* Base */,
			);
			name = MainMenu.xib;
			sourceTree = "<group>";
		};
/* End PBXVariantGroup section */

/* Begin XCBuildConfiguration section */
		865CB5BA20A307D8006BDBB1 /* Debug */ = {
			isa = XCBuildConfiguration;
			buildSettings = {
				ALWAYS_SEARCH_USER_PATHS = NO;
				CLANG_ANALYZER_NONNULL = YES;
				CLANG_ANALYZER_NUMBER_OBJECT_CONVERSION = YES_AGGRESSIVE;
				CLANG_CXX_LANGUAGE_STANDARD = "gnu++14";
				CLANG_CXX_LIBRARY = "libc++";
				CLANG_ENABLE_MODULES = YES;
				CLANG_ENABLE_OBJC_ARC = YES;
				CLANG_WARN_BLOCK_CAPTURE_AUTORELEASING = YES;
				CLANG_WARN_BOOL_CONVERSION = YES;
				CLANG_WARN_COMMA = YES;
				CLANG_WARN_CONSTANT_CONVERSION = YES;
				CLANG_WARN_DIRECT_OBJC_ISA_USAGE = YES_ERROR;
				CLANG_WARN_DOCUMENTATION_COMMENTS = YES;
				CLANG_WARN_EMPTY_BODY = YES;
				CLANG_WARN_ENUM_CONVERSION = YES;
				CLANG_WARN_INFINITE_RECURSION = YES;
				CLANG_WARN_INT_CONVERSION = YES;
				CLANG_WARN_NON_LITERAL_NULL_CONVERSION = YES;
				CLANG_WARN_OBJC_LITERAL_CONVERSION = YES;
				CLANG_WARN_OBJC_ROOT_CLASS = YES_ERROR;
				CLANG_WARN_RANGE_LOOP_ANALYSIS = YES;
				CLANG_WARN_STRICT_PROTOTYPES = YES;
				CLANG_WARN_SUSPICIOUS_MOVE = YES;
				CLANG_WARN_UNGUARDED_AVAILABILITY = YES_AGGRESSIVE;
				CLANG_WARN_UNREACHABLE_CODE = YES;
				CLANG_WARN__DUPLICATE_METHOD_MATCH = YES;
				CODE_SIGN_IDENTITY = "Mac Developer";
				COPY_PHASE_STRIP = NO;
				DEBUG_INFORMATION_FORMAT = dwarf;
				ENABLE_STRICT_OBJC_MSGSEND = YES;
				ENABLE_TESTABILITY = YES;
				GCC_C_LANGUAGE_STANDARD = gnu11;
				GCC_DYNAMIC_NO_PIC = NO;
				GCC_NO_COMMON_BLOCKS = YES;
				GCC_OPTIMIZATION_LEVEL = 0;
				GCC_PREPROCESSOR_DEFINITIONS = (
					"DEBUG=1",
					"$(inherited)",
				);
				GCC_WARN_64_TO_32_BIT_CONVERSION = YES;
				GCC_WARN_ABOUT_RETURN_TYPE = YES_ERROR;
				GCC_WARN_UNDECLARED_SELECTOR = YES;
				GCC_WARN_UNINITIALIZED_AUTOS = YES_AGGRESSIVE;
				GCC_WARN_UNUSED_FUNCTION = YES;
				GCC_WARN_UNUSED_VARIABLE = YES;
				MACOSX_DEPLOYMENT_TARGET = 10.13;
				MTL_ENABLE_DEBUG_INFO = YES;
				ONLY_ACTIVE_ARCH = YES;
				SDKROOT = macosx;
				SWIFT_ACTIVE_COMPILATION_CONDITIONS = DEBUG;
				SWIFT_OPTIMIZATION_LEVEL = "-Onone";
			};
			name = Debug;
		};
		865CB5BB20A307D8006BDBB1 /* Release */ = {
			isa = XCBuildConfiguration;
			buildSettings = {
				ALWAYS_SEARCH_USER_PATHS = NO;
				CLANG_ANALYZER_NONNULL = YES;
				CLANG_ANALYZER_NUMBER_OBJECT_CONVERSION = YES_AGGRESSIVE;
				CLANG_CXX_LANGUAGE_STANDARD = "gnu++14";
				CLANG_CXX_LIBRARY = "libc++";
				CLANG_ENABLE_MODULES = YES;
				CLANG_ENABLE_OBJC_ARC = YES;
				CLANG_WARN_BLOCK_CAPTURE_AUTORELEASING = YES;
				CLANG_WARN_BOOL_CONVERSION = YES;
				CLANG_WARN_COMMA = YES;
				CLANG_WARN_CONSTANT_CONVERSION = YES;
				CLANG_WARN_DIRECT_OBJC_ISA_USAGE = YES_ERROR;
				CLANG_WARN_DOCUMENTATION_COMMENTS = YES;
				CLANG_WARN_EMPTY_BODY = YES;
				CLANG_WARN_ENUM_CONVERSION = YES;
				CLANG_WARN_INFINITE_RECURSION = YES;
				CLANG_WARN_INT_CONVERSION = YES;
				CLANG_WARN_NON_LITERAL_NULL_CONVERSION = YES;
				CLANG_WARN_OBJC_LITERAL_CONVERSION = YES;
				CLANG_WARN_OBJC_ROOT_CLASS = YES_ERROR;
				CLANG_WARN_RANGE_LOOP_ANALYSIS = YES;
				CLANG_WARN_STRICT_PROTOTYPES = YES;
				CLANG_WARN_SUSPICIOUS_MOVE = YES;
				CLANG_WARN_UNGUARDED_AVAILABILITY = YES_AGGRESSIVE;
				CLANG_WARN_UNREACHABLE_CODE = YES;
				CLANG_WARN__DUPLICATE_METHOD_MATCH = YES;
				CODE_SIGN_IDENTITY = "Mac Developer";
				COPY_PHASE_STRIP = NO;
				DEBUG_INFORMATION_FORMAT = "dwarf-with-dsym";
				ENABLE_NS_ASSERTIONS = NO;
				ENABLE_STRICT_OBJC_MSGSEND = YES;
				GCC_C_LANGUAGE_STANDARD = gnu11;
				GCC_NO_COMMON_BLOCKS = YES;
				GCC_WARN_64_TO_32_BIT_CONVERSION = YES;
				GCC_WARN_ABOUT_RETURN_TYPE = YES_ERROR;
				GCC_WARN_UNDECLARED_SELECTOR = YES;
				GCC_WARN_UNINITIALIZED_AUTOS = YES_AGGRESSIVE;
				GCC_WARN_UNUSED_FUNCTION = YES;
				GCC_WARN_UNUSED_VARIABLE = YES;
				MACOSX_DEPLOYMENT_TARGET = 10.13;
				MTL_ENABLE_DEBUG_INFO = NO;
				SDKROOT = macosx;
				SWIFT_OPTIMIZATION_LEVEL = "-Owholemodule";
			};
			name = Release;
		};
		865CB5BD20A307D8006BDBB1 /* Debug */ = {
			isa = XCBuildConfiguration;
			buildSettings = {
				ASSETCATALOG_COMPILER_APPICON_NAME = AppIcon;
				CODE_SIGN_ENTITLEMENTS = "Weather.today!/Weather.today!.entitlements";
				CODE_SIGN_STYLE = Automatic;
				COMBINE_HIDPI_IMAGES = YES;
				DEVELOPMENT_TEAM = AUWER2S3N2;
				INFOPLIST_FILE = "Weather.today!/Info.plist";
				LD_RUNPATH_SEARCH_PATHS = "$(inherited) @executable_path/../Frameworks";
				PRODUCT_BUNDLE_IDENTIFIER = "eldardamirov.Weather-today-";
				PRODUCT_NAME = "$(TARGET_NAME)";
				SWIFT_VERSION = 4.0;
			};
			name = Debug;
		};
		865CB5BE20A307D8006BDBB1 /* Release */ = {
			isa = XCBuildConfiguration;
			buildSettings = {
				ASSETCATALOG_COMPILER_APPICON_NAME = AppIcon;
				CODE_SIGN_ENTITLEMENTS = "Weather.today!/Weather.today!.entitlements";
				CODE_SIGN_STYLE = Automatic;
				COMBINE_HIDPI_IMAGES = YES;
				DEVELOPMENT_TEAM = AUWER2S3N2;
				INFOPLIST_FILE = "Weather.today!/Info.plist";
				LD_RUNPATH_SEARCH_PATHS = "$(inherited) @executable_path/../Frameworks";
				PRODUCT_BUNDLE_IDENTIFIER = "eldardamirov.Weather-today-";
				PRODUCT_NAME = "$(TARGET_NAME)";
				SWIFT_VERSION = 4.0;
			};
			name = Release;
		};
/* End XCBuildConfiguration section */

/* Begin XCConfigurationList section */
		865CB5A920A307D8006BDBB1 /* Build configuration list for PBXProject "Weather.today!" */ = {
			isa = XCConfigurationList;
			buildConfigurations = (
				865CB5BA20A307D8006BDBB1 /* Debug */,
				865CB5BB20A307D8006BDBB1 /* Release */,
			);
			defaultConfigurationIsVisible = 0;
			defaultConfigurationName = Release;
		};
		865CB5BC20A307D8006BDBB1 /* Build configuration list for PBXNativeTarget "Weather.today!" */ = {
			isa = XCConfigurationList;
			buildConfigurations = (
				865CB5BD20A307D8006BDBB1 /* Debug */,
				865CB5BE20A307D8006BDBB1 /* Release */,
			);
			defaultConfigurationIsVisible = 0;
			defaultConfigurationName = Release;
		};
/* End XCConfigurationList section */
	};
	rootObject = 865CB5A620A307D8006BDBB1 /* Project object */;
}
